
Microsoft Visual Studio Solution File, Format Version 12.00
# Visual Studio Version 16
VisualStudioVersion = 16.0.29609.76
MinimumVisualStudioVersion = 10.0.40219.1
Project("{FAE04EC0-301F-11D3-BF4B-00C04F79EFBC}") = "buying-order-server", "buying-order-server.csproj", "{DBB91CF1-0D52-4FDF-AE62-1DCEE4CC8CBD}"
EndProject
Global
	GlobalSection(SolutionConfigurationPlatforms) = preSolution
		Debug|Any CPU = Debug|Any CPU
		Release|Any CPU = Release|Any CPU
	EndGlobalSection
	GlobalSection(ProjectConfigurationPlatforms) = postSolution
		{DBB91CF1-0D52-4FDF-AE62-1DCEE4CC8CBD}.Debug|Any CPU.ActiveCfg = Debug|Any CPU
		{DBB91CF1-0D52-4FDF-AE62-1DCEE4CC8CBD}.Debug|Any CPU.Build.0 = Debug|Any CPU
		{DBB91CF1-0D52-4FDF-AE62-1DCEE4CC8CBD}.Release|Any CPU.ActiveCfg = Release|Any CPU
		{DBB91CF1-0D52-4FDF-AE62-1DCEE4CC8CBD}.Release|Any CPU.Build.0 = Release|Any CPU
	EndGlobalSection
	GlobalSection(SolutionProperties) = preSolution
		HideSolutionNode = FALSE
	EndGlobalSection
	GlobalSection(ExtensibilityGlobals) = postSolution
		SolutionGuid = {5D5925B3-9508-44E5-BCD6-922B6D420CF4}
	EndGlobalSection
EndGlobal
